
Microsoft Visual Studio Solution File, Format Version 12.00
# Visual Studio 15
VisualStudioVersion = 15.0.27130.2036
MinimumVisualStudioVersion = 10.0.40219.1
Project("{FAE04EC0-301F-11D3-BF4B-00C04F79EFBC}") = "SignalRChatApp", "SignalRChatApp\SignalRChatApp.csproj", "{D2690180-80E7-4D8A-95E7-FA6690ACC235}"
EndProject
Global
	GlobalSection(SolutionConfigurationPlatforms) = preSolution
		Debug|Any CPU = Debug|Any CPU
		Release|Any CPU = Release|Any CPU
	EndGlobalSection
	GlobalSection(ProjectConfigurationPlatforms) = postSolution
		{D2690180-80E7-4D8A-95E7-FA6690ACC235}.Debug|Any CPU.ActiveCfg = Debug|Any CPU
		{D2690180-80E7-4D8A-95E7-FA6690ACC235}.Debug|Any CPU.Build.0 = Debug|Any CPU
		{D2690180-80E7-4D8A-95E7-FA6690ACC235}.Release|Any CPU.ActiveCfg = Release|Any CPU
		{D2690180-80E7-4D8A-95E7-FA6690ACC235}.Release|Any CPU.Build.0 = Release|Any CPU
	EndGlobalSection
	GlobalSection(SolutionProperties) = preSolution
		HideSolutionNode = FALSE
	EndGlobalSection
	GlobalSection(ExtensibilityGlobals) = postSolution
		SolutionGuid = {963B83C0-479B-43E4-ABA9-E420485AB2AA}
	EndGlobalSection
EndGlobal
